PODS:
  - A (0.1.0):
    - B_Category
    - CTMediator
  - B_Category (0.1.0):
    - CTMediator
  - CTMediator (46)
  - FBSnapshotTestCase (2.1.4):
    - FBSnapshotTestCase/SwiftSupport (= 2.1.4)
  - FBSnapshotTestCase/Core (2.1.4)
  - FBSnapshotTestCase/SwiftSupport (2.1.4):
    - FBSnapshotTestCase/Core

DEPENDENCIES:
  - A (from `../`)
  - B_Category (from `../../B_Category/B_Category.podspec`)
  - FBSnapshotTestCase

SPEC REPOS:
  trunk:
    - CTMediator
    - FBSnapshotTestCase

EXTERNAL SOURCES:
  A:
    :path: "../"
  B_Category:
    :path: "../../B_Category/B_Category.podspec"

SPEC CHECKSUMS:
  A: 0e1d041ea68a8fa960da62e6281cdf34b2c1e07b
  B_Category: b82a319cf1e68e13b74602bade77d597e0f6ae5a
  CTMediator: f1cf58d509fb3192086c367711f039efd769b907
  FBSnapshotTestCase: 094f9f314decbabe373b87cc339bea235a63e07a

PODFILE CHECKSUM: c8cfe7377e7468d3b6ba7746039c47561839917e

COCOAPODS: 1.10.2
